// !$*UTF8*$!
{
	archiveVersion = 1;
	classes = {
	};
	objectVersion = 46;
	objects = {

/* Begin PBXBuildFile section */
		1DE8E0EF1E2A8C6E009B2213 /* AppDelegate.swift in Sources */ = {isa = PBXBuildFile; fileRef = 1DE8E0EE1E2A8C6E009B2213 /* AppDelegate.swift */; };
		1DE8E0F41E2A8C6E009B2213 /* Main.storyboard in Resources */ = {isa = PBXBuildFile; fileRef = 1DE8E0F21E2A8C6E009B2213 /* Main.storyboard */; };
		1DE8E0F61E2A8C6F009B2213 /* Assets.xcassets in Resources */ = {isa = PBXBuildFile; fileRef = 1DE8E0F51E2A8C6F009B2213 /* Assets.xcassets */; };
		1DE8E0F91E2A8C6F009B2213 /* LaunchScreen.storyboard in Resources */ = {isa = PBXBuildFile; fileRef = 1DE8E0F71E2A8C6F009B2213 /* LaunchScreen.storyboard */; };
		1DE8E1011E2A9B53009B2213 /* HomePageViewController.swift in Sources */ = {isa = PBXBuildFile; fileRef = 1DE8E1001E2A9B53009B2213 /* HomePageViewController.swift */; };
		1DE8E1031E2AA24B009B2213 /* HomePageTableViewCell.swift in Sources */ = {isa = PBXBuildFile; fileRef = 1DE8E1021E2AA24B009B2213 /* HomePageTableViewCell.swift */; };
		1DE8E1051E2AA9B7009B2213 /* User.swift in Sources */ = {isa = PBXBuildFile; fileRef = 1DE8E1041E2AA9B7009B2213 /* User.swift */; };
		1DE8E1071E2AA9D0009B2213 /* Pet.swift in Sources */ = {isa = PBXBuildFile; fileRef = 1DE8E1061E2AA9D0009B2213 /* Pet.swift */; };
		1DE8E10B1E2AB823009B2213 /* ProfileViewController.swift in Sources */ = {isa = PBXBuildFile; fileRef = 1DE8E10A1E2AB823009B2213 /* ProfileViewController.swift */; };
		297C933BF2C875DB3B96866D /* Pods_The_Pound.framework in Frameworks */ = {isa = PBXBuildFile; fileRef = B2452C4B6DBF59A604B75619 /* Pods_The_Pound.framework */; };
/* End PBXBuildFile section */

/* Begin PBXFileReference section */
		1DE8E0EB1E2A8C6E009B2213 /* The Pound.app */ = {isa = PBXFileReference; explicitFileType = wrapper.application; includeInIndex = 0; path = "The Pound.app"; sourceTree = BUILT_PRODUCTS_DIR; };
		1DE8E0EE1E2A8C6E009B2213 /* AppDelegate.swift */ = {isa = PBXFileReference; lastKnownFileType = sourcecode.swift; path = AppDelegate.swift; sourceTree = "<group>"; };
		1DE8E0F31E2A8C6E009B2213 /* Base */ = {isa = PBXFileReference; lastKnownFileType = file.storyboard; name = Base; path = Base.lproj/Main.storyboard; sourceTree = "<group>"; };
		1DE8E0F51E2A8C6F009B2213 /* Assets.xcassets */ = {isa = PBXFileReference; lastKnownFileType = folder.assetcatalog; path = Assets.xcassets; sourceTree = "<group>"; };
		1DE8E0F81E2A8C6F009B2213 /* Base */ = {isa = PBXFileReference; lastKnownFileType = file.storyboard; name = Base; path = Base.lproj/LaunchScreen.storyboard; sourceTree = "<group>"; };
		1DE8E0FA1E2A8C6F009B2213 /* Info.plist */ = {isa = PBXFileReference; lastKnownFileType = text.plist.xml; path = Info.plist; sourceTree = "<group>"; };
		1DE8E1001E2A9B53009B2213 /* HomePageViewController.swift */ = {isa = PBXFileReference; fileEncoding = 4; lastKnownFileType = sourcecode.swift; path = HomePageViewController.swift; sourceTree = "<group>"; };
		1DE8E1021E2AA24B009B2213 /* HomePageTableViewCell.swift */ = {isa = PBXFileReference; fileEncoding = 4; lastKnownFileType = sourcecode.swift; path = HomePageTableViewCell.swift; sourceTree = "<group>"; };
		1DE8E1041E2AA9B7009B2213 /* User.swift */ = {isa = PBXFileReference; fileEncoding = 4; lastKnownFileType = sourcecode.swift; path = User.swift; sourceTree = "<group>"; };
		1DE8E1061E2AA9D0009B2213 /* Pet.swift */ = {isa = PBXFileReference; fileEncoding = 4; lastKnownFileType = sourcecode.swift; path = Pet.swift; sourceTree = "<group>"; };
		1DE8E10A1E2AB823009B2213 /* ProfileViewController.swift */ = {isa = PBXFileReference; fileEncoding = 4; lastKnownFileType = sourcecode.swift; path = ProfileViewController.swift; sourceTree = "<group>"; };
		414179CBC9D97E7522CEF7C6 /* Pods-The Pound.debug.xcconfig */ = {isa = PBXFileReference; includeInIndex = 1; lastKnownFileType = text.xcconfig; name = "Pods-The Pound.debug.xcconfig"; path = "Pods/Target Support Files/Pods-The Pound/Pods-The Pound.debug.xcconfig"; sourceTree = "<group>"; };
		B2452C4B6DBF59A604B75619 /* Pods_The_Pound.framework */ = {isa = PBXFileReference; explicitFileType = wrapper.framework; includeInIndex = 0; path = Pods_The_Pound.framework; sourceTree = BUILT_PRODUCTS_DIR; };
		EB633BB958FB6BAC5B118E2C /* Pods-The Pound.release.xcconfig */ = {isa = PBXFileReference; includeInIndex = 1; lastKnownFileType = text.xcconfig; name = "Pods-The Pound.release.xcconfig"; path = "Pods/Target Support Files/Pods-The Pound/Pods-The Pound.release.xcconfig"; sourceTree = "<group>"; };
/* End PBXFileReference section */

/* Begin PBXFrameworksBuildPhase section */
		1DE8E0E81E2A8C6E009B2213 /* Frameworks */ = {
			isa = PBXFrameworksBuildPhase;
			buildActionMask = 2147483647;
			files = (
				297C933BF2C875DB3B96866D /* Pods_The_Pound.framework in Frameworks */,
			);
			runOnlyForDeploymentPostprocessing = 0;
		};
/* End PBXFrameworksBuildPhase section */

/* Begin PBXGroup section */
		1DE8E0E21E2A8C6E009B2213 = {
			isa = PBXGroup;
			children = (
				1DE8E0ED1E2A8C6E009B2213 /* The Pound */,
				1DE8E0EC1E2A8C6E009B2213 /* Products */,
				31D7F49D5046FC5B48067704 /* Pods */,
				650F7062D15EC1028236B7E8 /* Frameworks */,
			);
			sourceTree = "<group>";
		};
		1DE8E0EC1E2A8C6E009B2213 /* Products */ = {
			isa = PBXGroup;
			children = (
				1DE8E0EB1E2A8C6E009B2213 /* The Pound.app */,
			);
			name = Products;
			sourceTree = "<group>";
		};
		1DE8E0ED1E2A8C6E009B2213 /* The Pound */ = {
			isa = PBXGroup;
			children = (
				1DE8E0F21E2A8C6E009B2213 /* Main.storyboard */,
				1DE8E0EE1E2A8C6E009B2213 /* AppDelegate.swift */,
				1DE8E10A1E2AB823009B2213 /* ProfileViewController.swift */,
				1DE8E1001E2A9B53009B2213 /* HomePageViewController.swift */,
				1DE8E1021E2AA24B009B2213 /* HomePageTableViewCell.swift */,
				1DE8E1041E2AA9B7009B2213 /* User.swift */,
				1DE8E1061E2AA9D0009B2213 /* Pet.swift */,
				1DE8E0F51E2A8C6F009B2213 /* Assets.xcassets */,
				1DE8E0F71E2A8C6F009B2213 /* LaunchScreen.storyboard */,
				1DE8E0FA1E2A8C6F009B2213 /* Info.plist */,
			);
			path = "The Pound";
			sourceTree = "<group>";
		};
		31D7F49D5046FC5B48067704 /* Pods */ = {
			isa = PBXGroup;
			children = (
				414179CBC9D97E7522CEF7C6 /* Pods-The Pound.debug.xcconfig */,
				EB633BB958FB6BAC5B118E2C /* Pods-The Pound.release.xcconfig */,
			);
			name = Pods;
			sourceTree = "<group>";
		};
		650F7062D15EC1028236B7E8 /* Frameworks */ = {
			isa = PBXGroup;
			children = (
				B2452C4B6DBF59A604B75619 /* Pods_The_Pound.framework */,
			);
			name = Frameworks;
			sourceTree = "<group>";
		};
/* End PBXGroup section */

/* Begin PBXNativeTarget section */
		1DE8E0EA1E2A8C6E009B2213 /* The Pound */ = {
			isa = PBXNativeTarget;
			buildConfigurationList = 1DE8E0FD1E2A8C6F009B2213 /* Build configuration list for PBXNativeTarget "The Pound" */;
			buildPhases = (
				A81C3221308511B688372FB4 /* [CP] Check Pods Manifest.lock */,
				1DE8E0E71E2A8C6E009B2213 /* Sources */,
				1DE8E0E81E2A8C6E009B2213 /* Frameworks */,
				1DE8E0E91E2A8C6E009B2213 /* Resources */,
				F089DA26FD2E3021A8F2CB35 /* [CP] Embed Pods Frameworks */,
				4935667DAC6A567664796995 /* [CP] Copy Pods Resources */,
			);
			buildRules = (
			);
			dependencies = (
			);
			name = "The Pound";
			productName = "The Pound";
			productReference = 1DE8E0EB1E2A8C6E009B2213 /* The Pound.app */;
			productType = "com.apple.product-type.application";
		};
/* End PBXNativeTarget section */

/* Begin PBXProject section */
		1DE8E0E31E2A8C6E009B2213 /* Project object */ = {
			isa = PBXProject;
			attributes = {
				LastSwiftUpdateCheck = 0820;
				LastUpgradeCheck = 0820;
				ORGANIZATIONNAME = "Erin Luu";
				TargetAttributes = {
					1DE8E0EA1E2A8C6E009B2213 = {
						CreatedOnToolsVersion = 8.2.1;
						DevelopmentTeam = 6393SND2S6;
						ProvisioningStyle = Automatic;
					};
				};
			};
			buildConfigurationList = 1DE8E0E61E2A8C6E009B2213 /* Build configuration list for PBXProject "The Pound" */;
			compatibilityVersion = "Xcode 3.2";
			developmentRegion = English;
			hasScannedForEncodings = 0;
			knownRegions = (
				en,
				Base,
			);
			mainGroup = 1DE8E0E21E2A8C6E009B2213;
			productRefGroup = 1DE8E0EC1E2A8C6E009B2213 /* Products */;
			projectDirPath = "";
			projectRoot = "";
			targets = (
				1DE8E0EA1E2A8C6E009B2213 /* The Pound */,
			);
		};
/* End PBXProject section */

/* Begin PBXResourcesBuildPhase section */
		1DE8E0E91E2A8C6E009B2213 /* Resources */ = {
			isa = PBXResourcesBuildPhase;
			buildActionMask = 2147483647;
			files = (
				1DE8E0F91E2A8C6F009B2213 /* LaunchScreen.storyboard in Resources */,
				1DE8E0F61E2A8C6F009B2213 /* Assets.xcassets in Resources */,
				1DE8E0F41E2A8C6E009B2213 /* Main.storyboard in Resources */,
			);
			runOnlyForDeploymentPostprocessing = 0;
		};
/* End PBXResourcesBuildPhase section */

/* Begin PBXShellScriptBuildPhase section */
		4935667DAC6A567664796995 /* [CP] Copy Pods Resources */ = {
			isa = PBXShellScriptBuildPhase;
			buildActionMask = 2147483647;
			files = (
			);
			inputPaths = (
			);
			name = "[CP] Copy Pods Resources";
			outputPaths = (
			);
			runOnlyForDeploymentPostprocessing = 0;
			shellPath = /bin/sh;
			shellScript = "\"${SRCROOT}/Pods/Target Support Files/Pods-The Pound/Pods-The Pound-resources.sh\"\n";
			showEnvVarsInLog = 0;
		};
		A81C3221308511B688372FB4 /* [CP] Check Pods Manifest.lock */ = {
			isa = PBXShellScriptBuildPhase;
			buildActionMask = 2147483647;
			files = (
			);
			inputPaths = (
			);
			name = "[CP] Check Pods Manifest.lock";
			outputPaths = (
			);
			runOnlyForDeploymentPostprocessing = 0;
			shellPath = /bin/sh;
			shellScript = "diff \"${PODS_ROOT}/../Podfile.lock\" \"${PODS_ROOT}/Manifest.lock\" > /dev/null\nif [ $? != 0 ] ; then\n    # print error to STDERR\n    echo \"error: The sandbox is not in sync with the Podfile.lock. Run 'pod install' or update your CocoaPods installation.\" >&2\n    exit 1\nfi\n";
			showEnvVarsInLog = 0;
		};
		F089DA26FD2E3021A8F2CB35 /* [CP] Embed Pods Frameworks */ = {
			isa = PBXShellScriptBuildPhase;
			buildActionMask = 2147483647;
			files = (
			);
			inputPaths = (
			);
			name = "[CP] Embed Pods Frameworks";
			outputPaths = (
			);
			runOnlyForDeploymentPostprocessing = 0;
			shellPath = /bin/sh;
			shellScript = "\"${SRCROOT}/Pods/Target Support Files/Pods-The Pound/Pods-The Pound-frameworks.sh\"\n";
			showEnvVarsInLog = 0;
		};
/* End PBXShellScriptBuildPhase section */

/* Begin PBXSourcesBuildPhase section */
		1DE8E0E71E2A8C6E009B2213 /* Sources */ = {
			isa = PBXSourcesBuildPhase;
			buildActionMask = 2147483647;
			files = (
				1DE8E1071E2AA9D0009B2213 /* Pet.swift in Sources */,
				1DE8E1051E2AA9B7009B2213 /* User.swift in Sources */,
				1DE8E0EF1E2A8C6E009B2213 /* AppDelegate.swift in Sources */,
				1DE8E1031E2AA24B009B2213 /* HomePageTableViewCell.swift in Sources */,
				1DE8E10B1E2AB823009B2213 /* ProfileViewController.swift in Sources */,
				1DE8E1011E2A9B53009B2213 /* HomePageViewController.swift in Sources */,
			);
			runOnlyForDeploymentPostprocessing = 0;
		};
/* End PBXSourcesBuildPhase section */

/* Begin PBXVariantGroup section */
		1DE8E0F21E2A8C6E009B2213 /* Main.storyboard */ = {
			isa = PBXVariantGroup;
			children = (
				1DE8E0F31E2A8C6E009B2213 /* Base */,
			);
			name = Main.storyboard;
			sourceTree = "<group>";
		};
		1DE8E0F71E2A8C6F009B2213 /* LaunchScreen.storyboard */ = {
			isa = PBXVariantGroup;
			children = (
				1DE8E0F81E2A8C6F009B2213 /* Base */,
			);
			name = LaunchScreen.storyboard;
			sourceTree = "<group>";
		};
/* End PBXVariantGroup section */

/* Begin XCBuildConfiguration section */
		1DE8E0FB1E2A8C6F009B2213 /* Debug */ = {
			isa = XCBuildConfiguration;
			buildSettings = {
				ALWAYS_SEARCH_USER_PATHS = NO;
				CLANG_ANALYZER_NONNULL = YES;
				CLANG_CXX_LANGUAGE_STANDARD = "gnu++0x";
				CLANG_CXX_LIBRARY = "libc++";
				CLANG_ENABLE_MODULES = YES;
				CLANG_ENABLE_OBJC_ARC = YES;
				CLANG_WARN_BOOL_CONVERSION = YES;
				CLANG_WARN_CONSTANT_CONVERSION = YES;
				CLANG_WARN_DIRECT_OBJC_ISA_USAGE = YES_ERROR;
				CLANG_WARN_DOCUMENTATION_COMMENTS = YES;
				CLANG_WARN_EMPTY_BODY = YES;
				CLANG_WARN_ENUM_CONVERSION = YES;
				CLANG_WARN_INFINITE_RECURSION = YES;
				CLANG_WARN_INT_CONVERSION = YES;
				CLANG_WARN_OBJC_ROOT_CLASS = YES_ERROR;
				CLANG_WARN_SUSPICIOUS_MOVE = YES;
				CLANG_WARN_UNREACHABLE_CODE = YES;
				CLANG_WARN__DUPLICATE_METHOD_MATCH = YES;
				"CODE_SIGN_IDENTITY[sdk=iphoneos*]" = "iPhone Developer";
				COPY_PHASE_STRIP = NO;
				DEBUG_INFORMATION_FORMAT = dwarf;
				ENABLE_STRICT_OBJC_MSGSEND = YES;
				ENABLE_TESTABILITY = YES;
				GCC_C_LANGUAGE_STANDARD = gnu99;
				GCC_DYNAMIC_NO_PIC = NO;
				GCC_NO_COMMON_BLOCKS = YES;
				GCC_OPTIMIZATION_LEVEL = 0;
				GCC_PREPROCESSOR_DEFINITIONS = (
					"DEBUG=1",
					"$(inherited)",
				);
				GCC_WARN_64_TO_32_BIT_CONVERSION = YES;
				GCC_WARN_ABOUT_RETURN_TYPE = YES_ERROR;
				GCC_WARN_UNDECLARED_SELECTOR = YES;
				GCC_WARN_UNINITIALIZED_AUTOS = YES_AGGRESSIVE;
				GCC_WARN_UNUSED_FUNCTION = YES;
				GCC_WARN_UNUSED_VARIABLE = YES;
				IPHONEOS_DEPLOYMENT_TARGET = 10.2;
				MTL_ENABLE_DEBUG_INFO = YES;
				ONLY_ACTIVE_ARCH = YES;
				SDKROOT = iphoneos;
				SWIFT_ACTIVE_COMPILATION_CONDITIONS = DEBUG;
				SWIFT_OPTIMIZATION_LEVEL = "-Onone";
				TARGETED_DEVICE_FAMILY = "1,2";
			};
			name = Debug;
		};
		1DE8E0FC1E2A8C6F009B2213 /* Release */ = {
			isa = XCBuildConfiguration;
			buildSettings = {
				ALWAYS_SEARCH_USER_PATHS = NO;
				CLANG_ANALYZER_NONNULL = YES;
				CLANG_CXX_LANGUAGE_STANDARD = "gnu++0x";
				CLANG_CXX_LIBRARY = "libc++";
				CLANG_ENABLE_MODULES = YES;
				CLANG_ENABLE_OBJC_ARC = YES;
				CLANG_WARN_BOOL_CONVERSION = YES;
				CLANG_WARN_CONSTANT_CONVERSION = YES;
				CLANG_WARN_DIRECT_OBJC_ISA_USAGE = YES_ERROR;
				CLANG_WARN_DOCUMENTATION_COMMENTS = YES;
				CLANG_WARN_EMPTY_BODY = YES;
				CLANG_WARN_ENUM_CONVERSION = YES;
				CLANG_WARN_INFINITE_RECURSION = YES;
				CLANG_WARN_INT_CONVERSION = YES;
				CLANG_WARN_OBJC_ROOT_CLASS = YES_ERROR;
				CLANG_WARN_SUSPICIOUS_MOVE = YES;
				CLANG_WARN_UNREACHABLE_CODE = YES;
				CLANG_WARN__DUPLICATE_METHOD_MATCH = YES;
				"CODE_SIGN_IDENTITY[sdk=iphoneos*]" = "iPhone Developer";
				COPY_PHASE_STRIP = NO;
				DEBUG_INFORMATION_FORMAT = "dwarf-with-dsym";
				ENABLE_NS_ASSERTIONS = NO;
				ENABLE_STRICT_OBJC_MSGSEND = YES;
				GCC_C_LANGUAGE_STANDARD = gnu99;
				GCC_NO_COMMON_BLOCKS = YES;
				GCC_WARN_64_TO_32_BIT_CONVERSION = YES;
				GCC_WARN_ABOUT_RETURN_TYPE = YES_ERROR;
				GCC_WARN_UNDECLARED_SELECTOR = YES;
				GCC_WARN_UNINITIALIZED_AUTOS = YES_AGGRESSIVE;
				GCC_WARN_UNUSED_FUNCTION = YES;
				GCC_WARN_UNUSED_VARIABLE = YES;
				IPHONEOS_DEPLOYMENT_TARGET = 10.2;
				MTL_ENABLE_DEBUG_INFO = NO;
				SDKROOT = iphoneos;
				SWIFT_OPTIMIZATION_LEVEL = "-Owholemodule";
				TARGETED_DEVICE_FAMILY = "1,2";
				VALIDATE_PRODUCT = YES;
			};
			name = Release;
		};
		1DE8E0FE1E2A8C6F009B2213 /* Debug */ = {
			isa = XCBuildConfiguration;
			baseConfigurationReference = 414179CBC9D97E7522CEF7C6 /* Pods-The Pound.debug.xcconfig */;
			buildSettings = {
				ASSETCATALOG_COMPILER_APPICON_NAME = AppIcon;
				DEVELOPMENT_TEAM = 6393SND2S6;
				INFOPLIST_FILE = "The Pound/Info.plist";
				LD_RUNPATH_SEARCH_PATHS = "$(inherited) @executable_path/Frameworks";
				PRODUCT_BUNDLE_IDENTIFIER = "com.tsuzuna.The-Pound";
				PRODUCT_NAME = "$(TARGET_NAME)";
				SWIFT_VERSION = 3.0;
			};
			name = Debug;
		};
		1DE8E0FF1E2A8C6F009B2213 /* Release */ = {
			isa = XCBuildConfiguration;
			baseConfigurationReference = EB633BB958FB6BAC5B118E2C /* Pods-The Pound.release.xcconfig */;
			buildSettings = {
				ASSETCATALOG_COMPILER_APPICON_NAME = AppIcon;
				DEVELOPMENT_TEAM = 6393SND2S6;
				INFOPLIST_FILE = "The Pound/Info.plist";
				LD_RUNPATH_SEARCH_PATHS = "$(inherited) @executable_path/Frameworks";
				PRODUCT_BUNDLE_IDENTIFIER = "com.tsuzuna.The-Pound";
				PRODUCT_NAME = "$(TARGET_NAME)";
				SWIFT_VERSION = 3.0;
			};
			name = Release;
		};
/* End XCBuildConfiguration section */

/* Begin XCConfigurationList section */
		1DE8E0E61E2A8C6E009B2213 /* Build configuration list for PBXProject "The Pound" */ = {
			isa = XCConfigurationList;
			buildConfigurations = (
				1DE8E0FB1E2A8C6F009B2213 /* Debug */,
				1DE8E0FC1E2A8C6F009B2213 /* Release */,
			);
			defaultConfigurationIsVisible = 0;
			defaultConfigurationName = Release;
		};
		1DE8E0FD1E2A8C6F009B2213 /* Build configuration list for PBXNativeTarget "The Pound" */ = {
			isa = XCConfigurationList;
			buildConfigurations = (
				1DE8E0FE1E2A8C6F009B2213 /* Debug */,
				1DE8E0FF1E2A8C6F009B2213 /* Release */,
			);
			defaultConfigurationIsVisible = 0;
			defaultConfigurationName = Release;
		};
/* End XCConfigurationList section */
	};
	rootObject = 1DE8E0E31E2A8C6E009B2213 /* Project object */;
}
